
Microsoft Visual Studio Solution File, Format Version 12.00
# Visual Studio 15
VisualStudioVersion = 15.0.28307.1082
MinimumVisualStudioVersion = 10.0.40219.1
Project("{FAE04EC0-301F-11D3-BF4B-00C04F79EFBC}") = "CourseWork", "CourseWork\CourseWork.csproj", "{0B09A623-1B82-469F-AB66-67F978BCA1CB}"
EndProject
Global
	GlobalSection(SolutionConfigurationPlatforms) = preSolution
		Debug|Any CPU = Debug|Any CPU
		Release|Any CPU = Release|Any CPU
	EndGlobalSection
	GlobalSection(ProjectConfigurationPlatforms) = postSolution
		{0B09A623-1B82-469F-AB66-67F978BCA1CB}.Debug|Any CPU.ActiveCfg = Debug|Any CPU
		{0B09A623-1B82-469F-AB66-67F978BCA1CB}.Debug|Any CPU.Build.0 = Debug|Any CPU
		{0B09A623-1B82-469F-AB66-67F978BCA1CB}.Release|Any CPU.ActiveCfg = Release|Any CPU
		{0B09A623-1B82-469F-AB66-67F978BCA1CB}.Release|Any CPU.Build.0 = Release|Any CPU
	EndGlobalSection
	GlobalSection(SolutionProperties) = preSolution
		HideSolutionNode = FALSE
	EndGlobalSection
	GlobalSection(ExtensibilityGlobals) = postSolution
		SolutionGuid = {09F348F0-A43B-4A35-AAFE-833E608C3CF1}
	EndGlobalSection
EndGlobal
